
Microsoft Visual Studio Solution File, Format Version 12.00
# Visual Studio Version 16
VisualStudioVersion = 16.0.31129.286
MinimumVisualStudioVersion = 10.0.40219.1
Project("{FAE04EC0-301F-11D3-BF4B-00C04F79EFBC}") = "TipDogecoin.Web", "TipDogecoin.Web\TipDogecoin.Web.csproj", "{435F0FFE-EF72-4F61-AE99-6B7CCAD06961}"
EndProject
Global
	GlobalSection(SolutionConfigurationPlatforms) = preSolution
		Debug|Any CPU = Debug|Any CPU
		Release|Any CPU = Release|Any CPU
	EndGlobalSection
	GlobalSection(ProjectConfigurationPlatforms) = postSolution
		{435F0FFE-EF72-4F61-AE99-6B7CCAD06961}.Debug|Any CPU.ActiveCfg = Debug|Any CPU
		{435F0FFE-EF72-4F61-AE99-6B7CCAD06961}.Debug|Any CPU.Build.0 = Debug|Any CPU
		{435F0FFE-EF72-4F61-AE99-6B7CCAD06961}.Release|Any CPU.ActiveCfg = Release|Any CPU
		{435F0FFE-EF72-4F61-AE99-6B7CCAD06961}.Release|Any CPU.Build.0 = Release|Any CPU
	EndGlobalSection
	GlobalSection(SolutionProperties) = preSolution
		HideSolutionNode = FALSE
	EndGlobalSection
	GlobalSection(ExtensibilityGlobals) = postSolution
		SolutionGuid = {F8DE9F27-369C-4B41-A0B9-8B423FE43807}
	EndGlobalSection
EndGlobal
